
Microsoft Visual Studio Solution File, Format Version 12.00
# Visual Studio Version 17
VisualStudioVersion = 17.0.31903.59
MinimumVisualStudioVersion = 10.0.40219.1
Project("{2150E333-8FDC-42A3-9474-1A3956D46DE8}") = "src", "src", "{02EA681E-C7D8-13C7-8484-4AC65E1B71E8}"
EndProject
Project("{FAE04EC0-301F-11D3-BF4B-00C04F79EFBC}") = "Pipelines.Core", "src\Pipelines.Core\Pipelines.Core.csproj", "{A9E0E6F2-A283-5BC3-C212-B2FABBE91EF1}"
EndProject
Project("{FAE04EC0-301F-11D3-BF4B-00C04F79EFBC}") = "Pipelines", "src\Pipelines\Pipelines.csproj", "{BDBBB5F1-CFA5-40BC-9FBC-427B7F9B1663}"
EndProject
Project("{FAE04EC0-301F-11D3-BF4B-00C04F79EFBC}") = "Pipelines.Provider.GitHub", "src\Pipelines.Provider.GitHub\Pipelines.Provider.GitHub.csproj", "{662320FE-F97E-923F-973C-D8420AA40946}"
EndProject
Project("{FAE04EC0-301F-11D3-BF4B-00C04F79EFBC}") = "Pipelines.Runner.Docker", "src\Pipelines.Runner.Docker\Pipelines.Runner.Docker.csproj", "{AE46F329-D664-4A22-8A8B-EA90B355493B}"
EndProject
Project("{FAE04EC0-301F-11D3-BF4B-00C04F79EFBC}") = "Pipelines.Storage.PostgreSQL", "src\Pipelines.Storage.PostgreSQL\Pipelines.Storage.PostgreSQL.csproj", "{0BA7EF14-0AF8-4424-AA0E-EB5FC02EFF89}"
EndProject
Project("{2150E333-8FDC-42A3-9474-1A3956D46DE8}") = "Solution Items", "Solution Items", "{967C02C6-7CB1-479A-8562-6548BA557E3A}"
	ProjectSection(SolutionItems) = preProject
		Directory.Build.props = Directory.Build.props
		Directory.Packages.props = Directory.Packages.props
	EndProjectSection
EndProject
Global
	GlobalSection(SolutionConfigurationPlatforms) = preSolution
		Debug|Any CPU = Debug|Any CPU
		Release|Any CPU = Release|Any CPU
	EndGlobalSection
	GlobalSection(ProjectConfigurationPlatforms) = postSolution
		{A9E0E6F2-A283-5BC3-C212-B2FABBE91EF1}.Debug|Any CPU.ActiveCfg = Debug|Any CPU
		{A9E0E6F2-A283-5BC3-C212-B2FABBE91EF1}.Debug|Any CPU.Build.0 = Debug|Any CPU
		{A9E0E6F2-A283-5BC3-C212-B2FABBE91EF1}.Release|Any CPU.ActiveCfg = Release|Any CPU
		{A9E0E6F2-A283-5BC3-C212-B2FABBE91EF1}.Release|Any CPU.Build.0 = Release|Any CPU
		{BDBBB5F1-CFA5-40BC-9FBC-427B7F9B1663}.Debug|Any CPU.ActiveCfg = Debug|Any CPU
		{BDBBB5F1-CFA5-40BC-9FBC-427B7F9B1663}.Debug|Any CPU.Build.0 = Debug|Any CPU
		{BDBBB5F1-CFA5-40BC-9FBC-427B7F9B1663}.Release|Any CPU.ActiveCfg = Release|Any CPU
		{BDBBB5F1-CFA5-40BC-9FBC-427B7F9B1663}.Release|Any CPU.Build.0 = Release|Any CPU
		{662320FE-F97E-923F-973C-D8420AA40946}.Debug|Any CPU.ActiveCfg = Debug|Any CPU
		{662320FE-F97E-923F-973C-D8420AA40946}.Debug|Any CPU.Build.0 = Debug|Any CPU
		{662320FE-F97E-923F-973C-D8420AA40946}.Release|Any CPU.ActiveCfg = Release|Any CPU
		{662320FE-F97E-923F-973C-D8420AA40946}.Release|Any CPU.Build.0 = Release|Any CPU
		{AE46F329-D664-4A22-8A8B-EA90B355493B}.Debug|Any CPU.ActiveCfg = Debug|Any CPU
		{AE46F329-D664-4A22-8A8B-EA90B355493B}.Debug|Any CPU.Build.0 = Debug|Any CPU
		{AE46F329-D664-4A22-8A8B-EA90B355493B}.Release|Any CPU.ActiveCfg = Release|Any CPU
		{AE46F329-D664-4A22-8A8B-EA90B355493B}.Release|Any CPU.Build.0 = Release|Any CPU
		{0BA7EF14-0AF8-4424-AA0E-EB5FC02EFF89}.Debug|Any CPU.ActiveCfg = Debug|Any CPU
		{0BA7EF14-0AF8-4424-AA0E-EB5FC02EFF89}.Debug|Any CPU.Build.0 = Debug|Any CPU
		{0BA7EF14-0AF8-4424-AA0E-EB5FC02EFF89}.Release|Any CPU.ActiveCfg = Release|Any CPU
		{0BA7EF14-0AF8-4424-AA0E-EB5FC02EFF89}.Release|Any CPU.Build.0 = Release|Any CPU
	EndGlobalSection
	GlobalSection(SolutionProperties) = preSolution
		HideSolutionNode = FALSE
	EndGlobalSection
	GlobalSection(NestedProjects) = preSolution
		{A9E0E6F2-A283-5BC3-C212-B2FABBE91EF1} = {02EA681E-C7D8-13C7-8484-4AC65E1B71E8}
		{BDBBB5F1-CFA5-40BC-9FBC-427B7F9B1663} = {02EA681E-C7D8-13C7-8484-4AC65E1B71E8}
		{662320FE-F97E-923F-973C-D8420AA40946} = {02EA681E-C7D8-13C7-8484-4AC65E1B71E8}
		{AE46F329-D664-4A22-8A8B-EA90B355493B} = {02EA681E-C7D8-13C7-8484-4AC65E1B71E8}
		{0BA7EF14-0AF8-4424-AA0E-EB5FC02EFF89} = {02EA681E-C7D8-13C7-8484-4AC65E1B71E8}
	EndGlobalSection
	GlobalSection(ExtensibilityGlobals) = postSolution
		SolutionGuid = {37B584D9-7217-4603-9AE9-28D4D8DEF7F5}
	EndGlobalSection
EndGlobal
